// !$*UTF8*$!
{
	archiveVersion = 1;
	classes = {
	};
	objectVersion = 56;
	objects = {

/* Begin PBXBuildFile section */
		871EDD0C2C2041C600F129D3 /* AppDelegate.swift in Sources */ = {isa = PBXBuildFile; fileRef = 871EDD0B2C2041C600F129D3 /* AppDelegate.swift */; };
		871EDD0E2C2041C600F129D3 /* SceneDelegate.swift in Sources */ = {isa = PBXBuildFile; fileRef = 871EDD0D2C2041C600F129D3 /* SceneDelegate.swift */; };
		871EDD102C2041C600F129D3 /* ViewController.swift in Sources */ = {isa = PBXBuildFile; fileRef = 871EDD0F2C2041C600F129D3 /* ViewController.swift */; };
		871EDD132C2041C600F129D3 /* Base in Resources */ = {isa = PBXBuildFile; fileRef = 871EDD122C2041C600F129D3 /* Base */; };
		871EDD152C2041C700F129D3 /* Assets.xcassets in Resources */ = {isa = PBXBuildFile; fileRef = 871EDD142C2041C700F129D3 /* Assets.xcassets */; };
		871EDD182C2041C700F129D3 /* Base in Resources */ = {isa = PBXBuildFile; fileRef = 871EDD172C2041C700F129D3 /* Base */; };
		871EDD212C2041F400F129D3 /* SpringAnimation in Frameworks */ = {isa = PBXBuildFile; productRef = 871EDD202C2041F400F129D3 /* SpringAnimation */; };
		872099DC2C2221CE008EA886 /* AnimationModel.swift in Sources */ = {isa = PBXBuildFile; fileRef = 872099DB2C2221CE008EA886 /* AnimationModel.swift */; };
		87DAEB402C22A9FE0008FDDB /* AnimationData.swift in Sources */ = {isa = PBXBuildFile; fileRef = 87DAEB3F2C22A9FE0008FDDB /* AnimationData.swift */; };
/* End PBXBuildFile section */

/* Begin PBXFileReference section */
		871EDD082C2041C600F129D3 /* testanimation.app */ = {isa = PBXFileReference; explicitFileType = wrapper.application; includeInIndex = 0; path = testanimation.app; sourceTree = BUILT_PRODUCTS_DIR; };
		871EDD0B2C2041C600F129D3 /* AppDelegate.swift */ = {isa = PBXFileReference; lastKnownFileType = sourcecode.swift; path = AppDelegate.swift; sourceTree = "<group>"; };
		871EDD0D2C2041C600F129D3 /* SceneDelegate.swift */ = {isa = PBXFileReference; lastKnownFileType = sourcecode.swift; path = SceneDelegate.swift; sourceTree = "<group>"; };
		871EDD0F2C2041C600F129D3 /* ViewController.swift */ = {isa = PBXFileReference; lastKnownFileType = sourcecode.swift; path = ViewController.swift; sourceTree = "<group>"; };
		871EDD122C2041C600F129D3 /* Base */ = {isa = PBXFileReference; lastKnownFileType = file.storyboard; name = Base; path = Base.lproj/Main.storyboard; sourceTree = "<group>"; };
		871EDD142C2041C700F129D3 /* Assets.xcassets */ = {isa = PBXFileReference; lastKnownFileType = folder.assetcatalog; path = Assets.xcassets; sourceTree = "<group>"; };
		871EDD172C2041C700F129D3 /* Base */ = {isa = PBXFileReference; lastKnownFileType = file.storyboard; name = Base; path = Base.lproj/LaunchScreen.storyboard; sourceTree = "<group>"; };
		871EDD192C2041C700F129D3 /* Info.plist */ = {isa = PBXFileReference; lastKnownFileType = text.plist.xml; path = Info.plist; sourceTree = "<group>"; };
		872099DB2C2221CE008EA886 /* AnimationModel.swift */ = {isa = PBXFileReference; lastKnownFileType = sourcecode.swift; path = AnimationModel.swift; sourceTree = "<group>"; };
		87DAEB3F2C22A9FE0008FDDB /* AnimationData.swift */ = {isa = PBXFileReference; lastKnownFileType = sourcecode.swift; path = AnimationData.swift; sourceTree = "<group>"; };
/* End PBXFileReference section */

/* Begin PBXFrameworksBuildPhase section */
		871EDD052C2041C600F129D3 /* Frameworks */ = {
			isa = PBXFrameworksBuildPhase;
			buildActionMask = 2147483647;
			files = (
				871EDD212C2041F400F129D3 /* SpringAnimation in Frameworks */,
			);
			runOnlyForDeploymentPostprocessing = 0;
		};
/* End PBXFrameworksBuildPhase section */

/* Begin PBXGroup section */
		871EDCFF2C2041C600F129D3 = {
			isa = PBXGroup;
			children = (
				871EDD0A2C2041C600F129D3 /* testanimation */,
				871EDD092C2041C600F129D3 /* Products */,
			);
			sourceTree = "<group>";
		};
		871EDD092C2041C600F129D3 /* Products */ = {
			isa = PBXGroup;
			children = (
				871EDD082C2041C600F129D3 /* testanimation.app */,
			);
			name = Products;
			sourceTree = "<group>";
		};
		871EDD0A2C2041C600F129D3 /* testanimation */ = {
			isa = PBXGroup;
			children = (
				872099D92C222178008EA886 /* ViewControllers */,
				872099DA2C222198008EA886 /* Models */,
				872099DF2C22A086008EA886 /* Storyboards */,
				872099E02C22A09F008EA886 /* App */,
				871EDD142C2041C700F129D3 /* Assets.xcassets */,
			);
			path = testanimation;
			sourceTree = "<group>";
		};
		872099D92C222178008EA886 /* ViewControllers */ = {
			isa = PBXGroup;
			children = (
				871EDD0F2C2041C600F129D3 /* ViewController.swift */,
			);
			path = ViewControllers;
			sourceTree = "<group>";
		};
		872099DA2C222198008EA886 /* Models */ = {
			isa = PBXGroup;
			children = (
				872099DB2C2221CE008EA886 /* AnimationModel.swift */,
				87DAEB3F2C22A9FE0008FDDB /* AnimationData.swift */,
			);
			path = Models;
			sourceTree = "<group>";
		};
		872099DF2C22A086008EA886 /* Storyboards */ = {
			isa = PBXGroup;
			children = (
				871EDD112C2041C600F129D3 /* Main.storyboard */,
				871EDD162C2041C700F129D3 /* LaunchScreen.storyboard */,
			);
			path = Storyboards;
			sourceTree = "<group>";
		};
		872099E02C22A09F008EA886 /* App */ = {
			isa = PBXGroup;
			children = (
				871EDD0B2C2041C600F129D3 /* AppDelegate.swift */,
				871EDD0D2C2041C600F129D3 /* SceneDelegate.swift */,
				871EDD192C2041C700F129D3 /* Info.plist */,
			);
			path = App;
			sourceTree = "<group>";
		};
/* End PBXGroup section */

/* Begin PBXNativeTarget section */
		871EDD072C2041C600F129D3 /* testanimation */ = {
			isa = PBXNativeTarget;
			buildConfigurationList = 871EDD1C2C2041C700F129D3 /* Build configuration list for PBXNativeTarget "testanimation" */;
			buildPhases = (
				871EDD042C2041C600F129D3 /* Sources */,
				871EDD052C2041C600F129D3 /* Frameworks */,
				871EDD062C2041C600F129D3 /* Resources */,
			);
			buildRules = (
			);
			dependencies = (
			);
			name = testanimation;
			packageProductDependencies = (
				871EDD202C2041F400F129D3 /* SpringAnimation */,
			);
			productName = testanimation;
			productReference = 871EDD082C2041C600F129D3 /* testanimation.app */;
			productType = "com.apple.product-type.application";
		};
/* End PBXNativeTarget section */

/* Begin PBXProject section */
		871EDD002C2041C600F129D3 /* Project object */ = {
			isa = PBXProject;
			attributes = {
				BuildIndependentTargetsInParallel = 1;
				LastSwiftUpdateCheck = 1540;
				LastUpgradeCheck = 1540;
				TargetAttributes = {
					871EDD072C2041C600F129D3 = {
						CreatedOnToolsVersion = 15.4;
					};
				};
			};
			buildConfigurationList = 871EDD032C2041C600F129D3 /* Build configuration list for PBXProject "testanimation" */;
			compatibilityVersion = "Xcode 14.0";
			developmentRegion = en;
			hasScannedForEncodings = 0;
			knownRegions = (
				en,
				Base,
			);
			mainGroup = 871EDCFF2C2041C600F129D3;
			packageReferences = (
				871EDD1F2C2041F400F129D3 /* XCRemoteSwiftPackageReference "SpringAnimation" */,
			);
			productRefGroup = 871EDD092C2041C600F129D3 /* Products */;
			projectDirPath = "";
			projectRoot = "";
			targets = (
				871EDD072C2041C600F129D3 /* testanimation */,
			);
		};
/* End PBXProject section */

/* Begin PBXResourcesBuildPhase section */
		871EDD062C2041C600F129D3 /* Resources */ = {
			isa = PBXResourcesBuildPhase;
			buildActionMask = 2147483647;
			files = (
				871EDD152C2041C700F129D3 /* Assets.xcassets in Resources */,
				871EDD182C2041C700F129D3 /* Base in Resources */,
				871EDD132C2041C600F129D3 /* Base in Resources */,
			);
			runOnlyForDeploymentPostprocessing = 0;
		};
/* End PBXResourcesBuildPhase section */

/* Begin PBXSourcesBuildPhase section */
		871EDD042C2041C600F129D3 /* Sources */ = {
			isa = PBXSourcesBuildPhase;
			buildActionMask = 2147483647;
			files = (
				872099DC2C2221CE008EA886 /* AnimationModel.swift in Sources */,
				87DAEB402C22A9FE0008FDDB /* AnimationData.swift in Sources */,
				871EDD102C2041C600F129D3 /* ViewController.swift in Sources */,
				871EDD0C2C2041C600F129D3 /* AppDelegate.swift in Sources */,
				871EDD0E2C2041C600F129D3 /* SceneDelegate.swift in Sources */,
			);
			runOnlyForDeploymentPostprocessing = 0;
		};
/* End PBXSourcesBuildPhase section */

/* Begin PBXVariantGroup section */
		871EDD112C2041C600F129D3 /* Main.storyboard */ = {
			isa = PBXVariantGroup;
			children = (
				871EDD122C2041C600F129D3 /* Base */,
			);
			name = Main.storyboard;
			sourceTree = "<group>";
		};
		871EDD162C2041C700F129D3 /* LaunchScreen.storyboard */ = {
			isa = PBXVariantGroup;
			children = (
				871EDD172C2041C700F129D3 /* Base */,
			);
			name = LaunchScreen.storyboard;
			sourceTree = "<group>";
		};
/* End PBXVariantGroup section */

/* Begin XCBuildConfiguration section */
		871EDD1A2C2041C700F129D3 /* Debug */ = {
			isa = XCBuildConfiguration;
			buildSettings = {
				ALWAYS_SEARCH_USER_PATHS = NO;
				ASSETCATALOG_COMPILER_GENERATE_SWIFT_ASSET_SYMBOL_EXTENSIONS = YES;
				CLANG_ANALYZER_NONNULL = YES;
				CLANG_ANALYZER_NUMBER_OBJECT_CONVERSION = YES_AGGRESSIVE;
				CLANG_CXX_LANGUAGE_STANDARD = "gnu++20";
				CLANG_ENABLE_MODULES = YES;
				CLANG_ENABLE_OBJC_ARC = YES;
				CLANG_ENABLE_OBJC_WEAK = YES;
				CLANG_WARN_BLOCK_CAPTURE_AUTORELEASING = YES;
				CLANG_WARN_BOOL_CONVERSION = YES;
				CLANG_WARN_COMMA = YES;
				CLANG_WARN_CONSTANT_CONVERSION = YES;
				CLANG_WARN_DEPRECATED_OBJC_IMPLEMENTATIONS = YES;
				CLANG_WARN_DIRECT_OBJC_ISA_USAGE = YES_ERROR;
				CLANG_WARN_DOCUMENTATION_COMMENTS = YES;
				CLANG_WARN_EMPTY_BODY = YES;
				CLANG_WARN_ENUM_CONVERSION = YES;
				CLANG_WARN_INFINITE_RECURSION = YES;
				CLANG_WARN_INT_CONVERSION = YES;
				CLANG_WARN_NON_LITERAL_NULL_CONVERSION = YES;
				CLANG_WARN_OBJC_IMPLICIT_RETAIN_SELF = YES;
				CLANG_WARN_OBJC_LITERAL_CONVERSION = YES;
				CLANG_WARN_OBJC_ROOT_CLASS = YES_ERROR;
				CLANG_WARN_QUOTED_INCLUDE_IN_FRAMEWORK_HEADER = YES;
				CLANG_WARN_RANGE_LOOP_ANALYSIS = YES;
				CLANG_WARN_STRICT_PROTOTYPES = YES;
				CLANG_WARN_SUSPICIOUS_MOVE = YES;
				CLANG_WARN_UNGUARDED_AVAILABILITY = YES_AGGRESSIVE;
				CLANG_WARN_UNREACHABLE_CODE = YES;
				CLANG_WARN__DUPLICATE_METHOD_MATCH = YES;
				COPY_PHASE_STRIP = NO;
				DEBUG_INFORMATION_FORMAT = dwarf;
				ENABLE_STRICT_OBJC_MSGSEND = YES;
				ENABLE_TESTABILITY = YES;
				ENABLE_USER_SCRIPT_SANDBOXING = YES;
				GCC_C_LANGUAGE_STANDARD = gnu17;
				GCC_DYNAMIC_NO_PIC = NO;
				GCC_NO_COMMON_BLOCKS = YES;
				GCC_OPTIMIZATION_LEVEL = 0;
				GCC_PREPROCESSOR_DEFINITIONS = (
					"DEBUG=1",
					"$(inherited)",
				);
				GCC_WARN_64_TO_32_BIT_CONVERSION = YES;
				GCC_WARN_ABOUT_RETURN_TYPE = YES_ERROR;
				GCC_WARN_UNDECLARED_SELECTOR = YES;
				GCC_WARN_UNINITIALIZED_AUTOS = YES_AGGRESSIVE;
				GCC_WARN_UNUSED_FUNCTION = YES;
				GCC_WARN_UNUSED_VARIABLE = YES;
				IPHONEOS_DEPLOYMENT_TARGET = 17.5;
				LOCALIZATION_PREFERS_STRING_CATALOGS = YES;
				MTL_ENABLE_DEBUG_INFO = INCLUDE_SOURCE;
				MTL_FAST_MATH = YES;
				ONLY_ACTIVE_ARCH = YES;
				SDKROOT = iphoneos;
				SWIFT_ACTIVE_COMPILATION_CONDITIONS = "DEBUG $(inherited)";
				SWIFT_OPTIMIZATION_LEVEL = "-Onone";
			};
			name = Debug;
		};
		871EDD1B2C2041C700F129D3 /* Release */ = {
			isa = XCBuildConfiguration;
			buildSettings = {
				ALWAYS_SEARCH_USER_PATHS = NO;
				ASSETCATALOG_COMPILER_GENERATE_SWIFT_ASSET_SYMBOL_EXTENSIONS = YES;
				CLANG_ANALYZER_NONNULL = YES;
				CLANG_ANALYZER_NUMBER_OBJECT_CONVERSION = YES_AGGRESSIVE;
				CLANG_CXX_LANGUAGE_STANDARD = "gnu++20";
				CLANG_ENABLE_MODULES = YES;
				CLANG_ENABLE_OBJC_ARC = YES;
				CLANG_ENABLE_OBJC_WEAK = YES;
				CLANG_WARN_BLOCK_CAPTURE_AUTORELEASING = YES;
				CLANG_WARN_BOOL_CONVERSION = YES;
				CLANG_WARN_COMMA = YES;
				CLANG_WARN_CONSTANT_CONVERSION = YES;
				CLANG_WARN_DEPRECATED_OBJC_IMPLEMENTATIONS = YES;
				CLANG_WARN_DIRECT_OBJC_ISA_USAGE = YES_ERROR;
				CLANG_WARN_DOCUMENTATION_COMMENTS = YES;
				CLANG_WARN_EMPTY_BODY = YES;
				CLANG_WARN_ENUM_CONVERSION = YES;
				CLANG_WARN_INFINITE_RECURSION = YES;
				CLANG_WARN_INT_CONVERSION = YES;
				CLANG_WARN_NON_LITERAL_NULL_CONVERSION = YES;
				CLANG_WARN_OBJC_IMPLICIT_RETAIN_SELF = YES;
				CLANG_WARN_OBJC_LITERAL_CONVERSION = YES;
				CLANG_WARN_OBJC_ROOT_CLASS = YES_ERROR;
				CLANG_WARN_QUOTED_INCLUDE_IN_FRAMEWORK_HEADER = YES;
				CLANG_WARN_RANGE_LOOP_ANALYSIS = YES;
				CLANG_WARN_STRICT_PROTOTYPES = YES;
				CLANG_WARN_SUSPICIOUS_MOVE = YES;
				CLANG_WARN_UNGUARDED_AVAILABILITY = YES_AGGRESSIVE;
				CLANG_WARN_UNREACHABLE_CODE = YES;
				CLANG_WARN__DUPLICATE_METHOD_MATCH = YES;
				COPY_PHASE_STRIP = NO;
				DEBUG_INFORMATION_FORMAT = "dwarf-with-dsym";
				ENABLE_NS_ASSERTIONS = NO;
				ENABLE_STRICT_OBJC_MSGSEND = YES;
				ENABLE_USER_SCRIPT_SANDBOXING = YES;
				GCC_C_LANGUAGE_STANDARD = gnu17;
				GCC_NO_COMMON_BLOCKS = YES;
				GCC_WARN_64_TO_32_BIT_CONVERSION = YES;
				GCC_WARN_ABOUT_RETURN_TYPE = YES_ERROR;
				GCC_WARN_UNDECLARED_SELECTOR = YES;
				GCC_WARN_UNINITIALIZED_AUTOS = YES_AGGRESSIVE;
				GCC_WARN_UNUSED_FUNCTION = YES;
				GCC_WARN_UNUSED_VARIABLE = YES;
				IPHONEOS_DEPLOYMENT_TARGET = 17.5;
				LOCALIZATION_PREFERS_STRING_CATALOGS = YES;
				MTL_ENABLE_DEBUG_INFO = NO;
				MTL_FAST_MATH = YES;
				SDKROOT = iphoneos;
				SWIFT_COMPILATION_MODE = wholemodule;
				VALIDATE_PRODUCT = YES;
			};
			name = Release;
		};
		871EDD1D2C2041C700F129D3 /* Debug */ = {
			isa = XCBuildConfiguration;
			buildSettings = {
				ASSETCATALOG_COMPILER_APPICON_NAME = AppIcon;
				ASSETCATALOG_COMPILER_GLOBAL_ACCENT_COLOR_NAME = AccentColor;
				CODE_SIGN_STYLE = Automatic;
				CURRENT_PROJECT_VERSION = 1;
				GENERATE_INFOPLIST_FILE = YES;
				INFOPLIST_FILE = testanimation/App/Info.plist;
				INFOPLIST_KEY_UIApplicationSupportsIndirectInputEvents = YES;
				INFOPLIST_KEY_UILaunchStoryboardName = LaunchScreen;
				INFOPLIST_KEY_UIMainStoryboardFile = Main;
				INFOPLIST_KEY_UISupportedInterfaceOrientations_iPad = "UIInterfaceOrientationPortrait UIInterfaceOrientationPortraitUpsideDown UIInterfaceOrientationLandscapeLeft UIInterfaceOrientationLandscapeRight";
				INFOPLIST_KEY_UISupportedInterfaceOrientations_iPhone = "UIInterfaceOrientationPortrait UIInterfaceOrientationLandscapeLeft UIInterfaceOrientationLandscapeRight";
				LD_RUNPATH_SEARCH_PATHS = (
					"$(inherited)",
					"@executable_path/Frameworks",
				);
				MARKETING_VERSION = 1.0;
				PRODUCT_BUNDLE_IDENTIFIER = den.testanimation;
				PRODUCT_NAME = "$(TARGET_NAME)";
				SWIFT_EMIT_LOC_STRINGS = YES;
				SWIFT_VERSION = 5.0;
				TARGETED_DEVICE_FAMILY = "1,2";
			};
			name = Debug;
		};
		871EDD1E2C2041C700F129D3 /* Release */ = {
			isa = XCBuildConfiguration;
			buildSettings = {
				ASSETCATALOG_COMPILER_APPICON_NAME = AppIcon;
				ASSETCATALOG_COMPILER_GLOBAL_ACCENT_COLOR_NAME = AccentColor;
				CODE_SIGN_STYLE = Automatic;
				CURRENT_PROJECT_VERSION = 1;
				GENERATE_INFOPLIST_FILE = YES;
				INFOPLIST_FILE = testanimation/App/Info.plist;
				INFOPLIST_KEY_UIApplicationSupportsIndirectInputEvents = YES;
				INFOPLIST_KEY_UILaunchStoryboardName = LaunchScreen;
				INFOPLIST_KEY_UIMainStoryboardFile = Main;
				INFOPLIST_KEY_UISupportedInterfaceOrientations_iPad = "UIInterfaceOrientationPortrait UIInterfaceOrientationPortraitUpsideDown UIInterfaceOrientationLandscapeLeft UIInterfaceOrientationLandscapeRight";
				INFOPLIST_KEY_UISupportedInterfaceOrientations_iPhone = "UIInterfaceOrientationPortrait UIInterfaceOrientationLandscapeLeft UIInterfaceOrientationLandscapeRight";
				LD_RUNPATH_SEARCH_PATHS = (
					"$(inherited)",
					"@executable_path/Frameworks",
				);
				MARKETING_VERSION = 1.0;
				PRODUCT_BUNDLE_IDENTIFIER = den.testanimation;
				PRODUCT_NAME = "$(TARGET_NAME)";
				SWIFT_EMIT_LOC_STRINGS = YES;
				SWIFT_VERSION = 5.0;
				TARGETED_DEVICE_FAMILY = "1,2";
			};
			name = Release;
		};
/* End XCBuildConfiguration section */

/* Begin XCConfigurationList section */
		871EDD032C2041C600F129D3 /* Build configuration list for PBXProject "testanimation" */ = {
			isa = XCConfigurationList;
			buildConfigurations = (
				871EDD1A2C2041C700F129D3 /* Debug */,
				871EDD1B2C2041C700F129D3 /* Release */,
			);
			defaultConfigurationIsVisible = 0;
			defaultConfigurationName = Release;
		};
		871EDD1C2C2041C700F129D3 /* Build configuration list for PBXNativeTarget "testanimation" */ = {
			isa = XCConfigurationList;
			buildConfigurations = (
				871EDD1D2C2041C700F129D3 /* Debug */,
				871EDD1E2C2041C700F129D3 /* Release */,
			);
			defaultConfigurationIsVisible = 0;
			defaultConfigurationName = Release;
		};
/* End XCConfigurationList section */

/* Begin XCRemoteSwiftPackageReference section */
		871EDD1F2C2041F400F129D3 /* XCRemoteSwiftPackageReference "SpringAnimation" */ = {
			isa = XCRemoteSwiftPackageReference;
			repositoryURL = "https://github.com/LexDeBash/SpringAnimation";
			requirement = {
				kind = upToNextMinorVersion;
				minimumVersion = 0.3.0;
			};
		};
/* End XCRemoteSwiftPackageReference section */

/* Begin XCSwiftPackageProductDependency section */
		871EDD202C2041F400F129D3 /* SpringAnimation */ = {
			isa = XCSwiftPackageProductDependency;
			package = 871EDD1F2C2041F400F129D3 /* XCRemoteSwiftPackageReference "SpringAnimation" */;
			productName = SpringAnimation;
		};
/* End XCSwiftPackageProductDependency section */
	};
	rootObject = 871EDD002C2041C600F129D3 /* Project object */;
}
